
Microsoft Visual Studio Solution File, Format Version 12.00
# Visual Studio Version 17
VisualStudioVersion = 17.9.34607.119
MinimumVisualStudioVersion = 10.0.40219.1
Project("{FAE04EC0-301F-11D3-BF4B-00C04F79EFBC}") = "Lesson_46_CRUD_controller", "Lesson_46_CRUD_controller\Lesson_46_CRUD_controller.csproj", "{A427DA72-8439-4075-BC30-F992C9ABAD36}"
EndProject
Global
	GlobalSection(SolutionConfigurationPlatforms) = preSolution
		Debug|Any CPU = Debug|Any CPU
		Release|Any CPU = Release|Any CPU
	EndGlobalSection
	GlobalSection(ProjectConfigurationPlatforms) = postSolution
		{A427DA72-8439-4075-BC30-F992C9ABAD36}.Debug|Any CPU.ActiveCfg = Debug|Any CPU
		{A427DA72-8439-4075-BC30-F992C9ABAD36}.Debug|Any CPU.Build.0 = Debug|Any CPU
		{A427DA72-8439-4075-BC30-F992C9ABAD36}.Release|Any CPU.ActiveCfg = Release|Any CPU
		{A427DA72-8439-4075-BC30-F992C9ABAD36}.Release|Any CPU.Build.0 = Release|Any CPU
	EndGlobalSection
	GlobalSection(SolutionProperties) = preSolution
		HideSolutionNode = FALSE
	EndGlobalSection
	GlobalSection(ExtensibilityGlobals) = postSolution
		SolutionGuid = {5786280C-9872-4D3A-A133-CA4CDD98520B}
	EndGlobalSection
EndGlobal
